
Microsoft Visual Studio Solution File, Format Version 12.00
# Visual Studio Version 17
VisualStudioVersion = 17.14.37111.16
MinimumVisualStudioVersion = 10.0.40219.1
Project("{FAE04EC0-301F-11D3-BF4B-00C04F79EFBC}") = "CyberBotApp", "CyberBotApp\CyberBotApp.csproj", "{DD72A3CE-7BA9-4126-A9E0-AA2BF145CA2A}"
EndProject
Project("{2150E333-8FDC-42A3-9474-1A3956D46DE8}") = "Solution Items", "Solution Items", "{02EA681E-C7D8-13C7-8484-4AC65E1B71E8}"
	ProjectSection(SolutionItems) = preProject
		.editorconfig = .editorconfig
		AudioManager.cs = AudioManager.cs
		CyberBot.cs = CyberBot.cs
		..\..\..\Downloads\CyberBotgreeting.wav = ..\..\..\Downloads\CyberBotgreeting.wav
		CyberTask.cs = CyberTask.cs
	EndProjectSection
EndProject
Global
	GlobalSection(SolutionConfigurationPlatforms) = preSolution
		Debug|Any CPU = Debug|Any CPU
		Release|Any CPU = Release|Any CPU
	EndGlobalSection
	GlobalSection(ProjectConfigurationPlatforms) = postSolution
		{DD72A3CE-7BA9-4126-A9E0-AA2BF145CA2A}.Debug|Any CPU.ActiveCfg = Debug|Any CPU
		{DD72A3CE-7BA9-4126-A9E0-AA2BF145CA2A}.Debug|Any CPU.Build.0 = Debug|Any CPU
		{DD72A3CE-7BA9-4126-A9E0-AA2BF145CA2A}.Release|Any CPU.ActiveCfg = Release|Any CPU
		{DD72A3CE-7BA9-4126-A9E0-AA2BF145CA2A}.Release|Any CPU.Build.0 = Release|Any CPU
	EndGlobalSection
	GlobalSection(SolutionProperties) = preSolution
		HideSolutionNode = FALSE
	EndGlobalSection
	GlobalSection(ExtensibilityGlobals) = postSolution
		SolutionGuid = {4EB1E1E3-98C9-4D73-B11E-5D3BEDE6FA3E}
	EndGlobalSection
EndGlobal
